
Microsoft Visual Studio Solution File, Format Version 12.00
# Visual Studio Version 16
VisualStudioVersion = 16.0.28729.10
MinimumVisualStudioVersion = 10.0.40219.1
Project("{FAE04EC0-301F-11D3-BF4B-00C04F79EFBC}") = "SwitchGameExtactor", "SwitchExtractorTool\SwitchGameExtactor.csproj", "{A39690CD-DBDD-4026-9A8F-47F719E92678}"
EndProject
Global
	GlobalSection(SolutionConfigurationPlatforms) = preSolution
		Debug|Any CPU = Debug|Any CPU
		Release|Any CPU = Release|Any CPU
	EndGlobalSection
	GlobalSection(ProjectConfigurationPlatforms) = postSolution
		{A39690CD-DBDD-4026-9A8F-47F719E92678}.Debug|Any CPU.ActiveCfg = Debug|Any CPU
		{A39690CD-DBDD-4026-9A8F-47F719E92678}.Debug|Any CPU.Build.0 = Debug|Any CPU
		{A39690CD-DBDD-4026-9A8F-47F719E92678}.Release|Any CPU.ActiveCfg = Release|Any CPU
		{A39690CD-DBDD-4026-9A8F-47F719E92678}.Release|Any CPU.Build.0 = Release|Any CPU
	EndGlobalSection
	GlobalSection(SolutionProperties) = preSolution
		HideSolutionNode = FALSE
	EndGlobalSection
	GlobalSection(ExtensibilityGlobals) = postSolution
		SolutionGuid = {B0191F1B-57B3-48E6-B255-557488562415}
	EndGlobalSection
EndGlobal
